// !$*UTF8*$!
{
	archiveVersion = 1;
	classes = {
	};
	objectVersion = 51;
	objects = {

/* Begin PBXBuildFile section */
		1F4B76E6246D2AC100FC3B27 /* SceneDelegate.swift in Sources */ = {isa = PBXBuildFile; fileRef = 1F4B76E5246D2AC100FC3B27 /* SceneDelegate.swift */; };
		1F4B76EB246D2AC100FC3B27 /* Main.storyboard in Resources */ = {isa = PBXBuildFile; fileRef = 1F4B76E9246D2AC100FC3B27 /* Main.storyboard */; };
		1F4B76ED246D2AE100FC3B27 /* Assets.xcassets in Resources */ = {isa = PBXBuildFile; fileRef = 1F4B76EC246D2AE100FC3B27 /* Assets.xcassets */; };
		1F4B76F0246D2AE100FC3B27 /* LaunchScreen.storyboard in Resources */ = {isa = PBXBuildFile; fileRef = 1F4B76EE246D2AE100FC3B27 /* LaunchScreen.storyboard */; };
		1F4B76F9246D2F7700FC3B27 /* AppDelegate.swift in Sources */ = {isa = PBXBuildFile; fileRef = 1F4B76F8246D2F7700FC3B27 /* AppDelegate.swift */; };
		1F4B7705246D30D900FC3B27 /* MyProfileViewController.swift in Sources */ = {isa = PBXBuildFile; fileRef = 1F4B7703246D30D900FC3B27 /* MyProfileViewController.swift */; };
		1F4B7706246D30D900FC3B27 /* MyProfileViewController.xib in Resources */ = {isa = PBXBuildFile; fileRef = 1F4B7704246D30D900FC3B27 /* MyProfileViewController.xib */; };
		1F4B7709246D310F00FC3B27 /* TimeLineViewController.swift in Sources */ = {isa = PBXBuildFile; fileRef = 1F4B7707246D310F00FC3B27 /* TimeLineViewController.swift */; };
		1F4B770A246D310F00FC3B27 /* TimeLineViewController.xib in Resources */ = {isa = PBXBuildFile; fileRef = 1F4B7708246D310F00FC3B27 /* TimeLineViewController.xib */; };
		1F4B770E246D31FD00FC3B27 /* NewPostViewController.swift in Sources */ = {isa = PBXBuildFile; fileRef = 1F4B770C246D31FD00FC3B27 /* NewPostViewController.swift */; };
		1F4B770F246D31FD00FC3B27 /* NewPostViewController.xib in Resources */ = {isa = PBXBuildFile; fileRef = 1F4B770D246D31FD00FC3B27 /* NewPostViewController.xib */; };
		1F4B7712246D329300FC3B27 /* SearchViewController.swift in Sources */ = {isa = PBXBuildFile; fileRef = 1F4B7710246D329300FC3B27 /* SearchViewController.swift */; };
		1F4B7713246D329300FC3B27 /* SearchViewController.xib in Resources */ = {isa = PBXBuildFile; fileRef = 1F4B7711246D329300FC3B27 /* SearchViewController.xib */; };
		1F4B7716246D32C000FC3B27 /* ActivityViewController.swift in Sources */ = {isa = PBXBuildFile; fileRef = 1F4B7714246D32C000FC3B27 /* ActivityViewController.swift */; };
		1F4B7717246D32C000FC3B27 /* ActivityViewController.xib in Resources */ = {isa = PBXBuildFile; fileRef = 1F4B7715246D32C000FC3B27 /* ActivityViewController.xib */; };
		7226E7ADC4922F1C879ED00E /* Pods_CosmeApp.framework in Frameworks */ = {isa = PBXBuildFile; fileRef = BA8B8F6B83DFB7116173D325 /* Pods_CosmeApp.framework */; };
/* End PBXBuildFile section */

/* Begin PBXFileReference section */
		153986C71F6FC96C59035F59 /* Pods-CosmeApp.debug.xcconfig */ = {isa = PBXFileReference; includeInIndex = 1; lastKnownFileType = text.xcconfig; name = "Pods-CosmeApp.debug.xcconfig"; path = "Target Support Files/Pods-CosmeApp/Pods-CosmeApp.debug.xcconfig"; sourceTree = "<group>"; };
		1F4B76E5246D2AC100FC3B27 /* SceneDelegate.swift */ = {isa = PBXFileReference; lastKnownFileType = sourcecode.swift; path = SceneDelegate.swift; sourceTree = "<group>"; };
		1F4B76EA246D2AC100FC3B27 /* Base */ = {isa = PBXFileReference; lastKnownFileType = file.storyboard; name = Base; path = Base.lproj/Main.storyboard; sourceTree = "<group>"; };
		1F4B76EC246D2AE100FC3B27 /* Assets.xcassets */ = {isa = PBXFileReference; lastKnownFileType = folder.assetcatalog; path = Assets.xcassets; sourceTree = "<group>"; };
		1F4B76EF246D2AE100FC3B27 /* Base */ = {isa = PBXFileReference; lastKnownFileType = file.storyboard; name = Base; path = Base.lproj/LaunchScreen.storyboard; sourceTree = "<group>"; };
		1F4B76F1246D2AE100FC3B27 /* Info.plist */ = {isa = PBXFileReference; lastKnownFileType = text.plist.xml; path = Info.plist; sourceTree = "<group>"; };
		1F4B76F8246D2F7700FC3B27 /* AppDelegate.swift */ = {isa = PBXFileReference; lastKnownFileType = sourcecode.swift; path = AppDelegate.swift; sourceTree = "<group>"; };
		1F4B7703246D30D900FC3B27 /* MyProfileViewController.swift */ = {isa = PBXFileReference; lastKnownFileType = sourcecode.swift; path = MyProfileViewController.swift; sourceTree = "<group>"; };
		1F4B7704246D30D900FC3B27 /* MyProfileViewController.xib */ = {isa = PBXFileReference; lastKnownFileType = file.xib; path = MyProfileViewController.xib; sourceTree = "<group>"; };
		1F4B7707246D310F00FC3B27 /* TimeLineViewController.swift */ = {isa = PBXFileReference; lastKnownFileType = sourcecode.swift; path = TimeLineViewController.swift; sourceTree = "<group>"; };
		1F4B7708246D310F00FC3B27 /* TimeLineViewController.xib */ = {isa = PBXFileReference; lastKnownFileType = file.xib; path = TimeLineViewController.xib; sourceTree = "<group>"; };
		1F4B770B246D31C300FC3B27 /* CosmeApp.app */ = {isa = PBXFileReference; explicitFileType = wrapper.application; includeInIndex = 0; path = CosmeApp.app; sourceTree = BUILT_PRODUCTS_DIR; };
		1F4B770C246D31FD00FC3B27 /* NewPostViewController.swift */ = {isa = PBXFileReference; lastKnownFileType = sourcecode.swift; path = NewPostViewController.swift; sourceTree = "<group>"; };
		1F4B770D246D31FD00FC3B27 /* NewPostViewController.xib */ = {isa = PBXFileReference; lastKnownFileType = file.xib; path = NewPostViewController.xib; sourceTree = "<group>"; };
		1F4B7710246D329300FC3B27 /* SearchViewController.swift */ = {isa = PBXFileReference; lastKnownFileType = sourcecode.swift; path = SearchViewController.swift; sourceTree = "<group>"; };
		1F4B7711246D329300FC3B27 /* SearchViewController.xib */ = {isa = PBXFileReference; lastKnownFileType = file.xib; path = SearchViewController.xib; sourceTree = "<group>"; };
		1F4B7714246D32C000FC3B27 /* ActivityViewController.swift */ = {isa = PBXFileReference; lastKnownFileType = sourcecode.swift; path = ActivityViewController.swift; sourceTree = "<group>"; };
		1F4B7715246D32C000FC3B27 /* ActivityViewController.xib */ = {isa = PBXFileReference; lastKnownFileType = file.xib; path = ActivityViewController.xib; sourceTree = "<group>"; };
		BA8B8F6B83DFB7116173D325 /* Pods_CosmeApp.framework */ = {isa = PBXFileReference; explicitFileType = wrapper.framework; includeInIndex = 0; path = Pods_CosmeApp.framework; sourceTree = BUILT_PRODUCTS_DIR; };
		F159956426546549A41B2D4D /* Pods-CosmeApp.release.xcconfig */ = {isa = PBXFileReference; includeInIndex = 1; lastKnownFileType = text.xcconfig; name = "Pods-CosmeApp.release.xcconfig"; path = "Target Support Files/Pods-CosmeApp/Pods-CosmeApp.release.xcconfig"; sourceTree = "<group>"; };
/* End PBXFileReference section */

/* Begin PBXFrameworksBuildPhase section */
		1F4B76DD246D2AC000FC3B27 /* Frameworks */ = {
			isa = PBXFrameworksBuildPhase;
			buildActionMask = 2147483647;
			files = (
				7226E7ADC4922F1C879ED00E /* Pods_CosmeApp.framework in Frameworks */,
			);
			runOnlyForDeploymentPostprocessing = 0;
		};
/* End PBXFrameworksBuildPhase section */

/* Begin PBXGroup section */
		0A746E86DDDDD73D98671D8B /* Frameworks */ = {
			isa = PBXGroup;
			children = (
				BA8B8F6B83DFB7116173D325 /* Pods_CosmeApp.framework */,
			);
			name = Frameworks;
			sourceTree = "<group>";
		};
		1F4B76D7246D2AC000FC3B27 = {
			isa = PBXGroup;
			children = (
				1F4B76E2246D2AC000FC3B27 /* CosmeApp */,
				4360F9E917DBF64E840CB96A /* Pods */,
				0A746E86DDDDD73D98671D8B /* Frameworks */,
				1F4B770B246D31C300FC3B27 /* CosmeApp.app */,
			);
			sourceTree = "<group>";
		};
		1F4B76E2246D2AC000FC3B27 /* CosmeApp */ = {
			isa = PBXGroup;
			children = (
				1F4B76FA246D2FFE00FC3B27 /* Profile */,
				1F4B76FF246D303200FC3B27 /* TimeLine */,
				1F4B7700246D306100FC3B27 /* Post */,
				1F4B7701246D306700FC3B27 /* Search */,
				1F4B7702246D307A00FC3B27 /* Activity */,
				1F4B76F8246D2F7700FC3B27 /* AppDelegate.swift */,
				1F4B76E5246D2AC100FC3B27 /* SceneDelegate.swift */,
				1F4B76E9246D2AC100FC3B27 /* Main.storyboard */,
				1F4B76EC246D2AE100FC3B27 /* Assets.xcassets */,
				1F4B76EE246D2AE100FC3B27 /* LaunchScreen.storyboard */,
				1F4B76F1246D2AE100FC3B27 /* Info.plist */,
			);
			path = CosmeApp;
			sourceTree = "<group>";
		};
		1F4B76FA246D2FFE00FC3B27 /* Profile */ = {
			isa = PBXGroup;
			children = (
				1F4B7703246D30D900FC3B27 /* MyProfileViewController.swift */,
				1F4B7704246D30D900FC3B27 /* MyProfileViewController.xib */,
			);
			path = Profile;
			sourceTree = "<group>";
		};
		1F4B76FF246D303200FC3B27 /* TimeLine */ = {
			isa = PBXGroup;
			children = (
				1F4B7707246D310F00FC3B27 /* TimeLineViewController.swift */,
				1F4B7708246D310F00FC3B27 /* TimeLineViewController.xib */,
			);
			path = TimeLine;
			sourceTree = "<group>";
		};
		1F4B7700246D306100FC3B27 /* Post */ = {
			isa = PBXGroup;
			children = (
				1F4B770C246D31FD00FC3B27 /* NewPostViewController.swift */,
				1F4B770D246D31FD00FC3B27 /* NewPostViewController.xib */,
			);
			path = Post;
			sourceTree = "<group>";
		};
		1F4B7701246D306700FC3B27 /* Search */ = {
			isa = PBXGroup;
			children = (
				1F4B7710246D329300FC3B27 /* SearchViewController.swift */,
				1F4B7711246D329300FC3B27 /* SearchViewController.xib */,
			);
			path = Search;
			sourceTree = "<group>";
		};
		1F4B7702246D307A00FC3B27 /* Activity */ = {
			isa = PBXGroup;
			children = (
				1F4B7714246D32C000FC3B27 /* ActivityViewController.swift */,
				1F4B7715246D32C000FC3B27 /* ActivityViewController.xib */,
			);
			path = Activity;
			sourceTree = "<group>";
		};
		4360F9E917DBF64E840CB96A /* Pods */ = {
			isa = PBXGroup;
			children = (
				153986C71F6FC96C59035F59 /* Pods-CosmeApp.debug.xcconfig */,
				F159956426546549A41B2D4D /* Pods-CosmeApp.release.xcconfig */,
			);
			path = Pods;
			sourceTree = "<group>";
		};
/* End PBXGroup section */

/* Begin PBXNativeTarget section */
		1F4B76DF246D2AC000FC3B27 /* CosmeApp */ = {
			isa = PBXNativeTarget;
			buildConfigurationList = 1F4B76F4246D2AE100FC3B27 /* Build configuration list for PBXNativeTarget "CosmeApp" */;
			buildPhases = (
				2E99C288D5A4704945E9DDFE /* [CP] Check Pods Manifest.lock */,
				1F4B76DC246D2AC000FC3B27 /* Sources */,
				1F4B76DD246D2AC000FC3B27 /* Frameworks */,
				1F4B76DE246D2AC000FC3B27 /* Resources */,
				E87F80429DB968CE4FB99F03 /* [CP] Embed Pods Frameworks */,
			);
			buildRules = (
			);
			dependencies = (
			);
			name = CosmeApp;
			productName = CosmeApp;
			productReference = 1F4B770B246D31C300FC3B27 /* CosmeApp.app */;
			productType = "com.apple.product-type.application";
		};
/* End PBXNativeTarget section */

/* Begin PBXProject section */
		1F4B76D8246D2AC000FC3B27 /* Project object */ = {
			isa = PBXProject;
			attributes = {
				LastSwiftUpdateCheck = 1140;
				LastUpgradeCheck = 1140;
				ORGANIZATIONNAME = "ASW-研修２";
				TargetAttributes = {
					1F4B76DF246D2AC000FC3B27 = {
						CreatedOnToolsVersion = 11.4;
					};
				};
			};
			buildConfigurationList = 1F4B76DB246D2AC000FC3B27 /* Build configuration list for PBXProject "CosmeApp" */;
			compatibilityVersion = "Xcode 9.3";
			developmentRegion = en;
			hasScannedForEncodings = 0;
			knownRegions = (
				en,
				Base,
			);
			mainGroup = 1F4B76D7246D2AC000FC3B27;
			productRefGroup = 1F4B76D7246D2AC000FC3B27;
			projectDirPath = "";
			projectRoot = "";
			targets = (
				1F4B76DF246D2AC000FC3B27 /* CosmeApp */,
			);
		};
/* End PBXProject section */

/* Begin PBXResourcesBuildPhase section */
		1F4B76DE246D2AC000FC3B27 /* Resources */ = {
			isa = PBXResourcesBuildPhase;
			buildActionMask = 2147483647;
			files = (
				1F4B76F0246D2AE100FC3B27 /* LaunchScreen.storyboard in Resources */,
				1F4B770F246D31FD00FC3B27 /* NewPostViewController.xib in Resources */,
				1F4B76ED246D2AE100FC3B27 /* Assets.xcassets in Resources */,
				1F4B7706246D30D900FC3B27 /* MyProfileViewController.xib in Resources */,
				1F4B76EB246D2AC100FC3B27 /* Main.storyboard in Resources */,
				1F4B770A246D310F00FC3B27 /* TimeLineViewController.xib in Resources */,
				1F4B7713246D329300FC3B27 /* SearchViewController.xib in Resources */,
				1F4B7717246D32C000FC3B27 /* ActivityViewController.xib in Resources */,
			);
			runOnlyForDeploymentPostprocessing = 0;
		};
/* End PBXResourcesBuildPhase section */

/* Begin PBXShellScriptBuildPhase section */
		2E99C288D5A4704945E9DDFE /* [CP] Check Pods Manifest.lock */ = {
			isa = PBXShellScriptBuildPhase;
			buildActionMask = 2147483647;
			files = (
			);
			inputFileListPaths = (
			);
			inputPaths = (
				"${PODS_PODFILE_DIR_PATH}/Podfile.lock",
				"${PODS_ROOT}/Manifest.lock",
			);
			name = "[CP] Check Pods Manifest.lock";
			outputFileListPaths = (
			);
			outputPaths = (
				"$(DERIVED_FILE_DIR)/Pods-CosmeApp-checkManifestLockResult.txt",
			);
			runOnlyForDeploymentPostprocessing = 0;
			shellPath = /bin/sh;
			shellScript = "diff \"${PODS_PODFILE_DIR_PATH}/Podfile.lock\" \"${PODS_ROOT}/Manifest.lock\" > /dev/null\nif [ $? != 0 ] ; then\n    # print error to STDERR\n    echo \"error: The sandbox is not in sync with the Podfile.lock. Run 'pod install' or update your CocoaPods installation.\" >&2\n    exit 1\nfi\n# This output is used by Xcode 'outputs' to avoid re-running this script phase.\necho \"SUCCESS\" > \"${SCRIPT_OUTPUT_FILE_0}\"\n";
			showEnvVarsInLog = 0;
		};
		E87F80429DB968CE4FB99F03 /* [CP] Embed Pods Frameworks */ = {
			isa = PBXShellScriptBuildPhase;
			buildActionMask = 2147483647;
			files = (
			);
			inputFileListPaths = (
				"${PODS_ROOT}/Target Support Files/Pods-CosmeApp/Pods-CosmeApp-frameworks-${CONFIGURATION}-input-files.xcfilelist",
			);
			name = "[CP] Embed Pods Frameworks";
			outputFileListPaths = (
				"${PODS_ROOT}/Target Support Files/Pods-CosmeApp/Pods-CosmeApp-frameworks-${CONFIGURATION}-output-files.xcfilelist",
			);
			runOnlyForDeploymentPostprocessing = 0;
			shellPath = /bin/sh;
			shellScript = "\"${PODS_ROOT}/Target Support Files/Pods-CosmeApp/Pods-CosmeApp-frameworks.sh\"\n";
			showEnvVarsInLog = 0;
		};
/* End PBXShellScriptBuildPhase section */

/* Begin PBXSourcesBuildPhase section */
		1F4B76DC246D2AC000FC3B27 /* Sources */ = {
			isa = PBXSourcesBuildPhase;
			buildActionMask = 2147483647;
			files = (
				1F4B7712246D329300FC3B27 /* SearchViewController.swift in Sources */,
				1F4B7705246D30D900FC3B27 /* MyProfileViewController.swift in Sources */,
				1F4B7709246D310F00FC3B27 /* TimeLineViewController.swift in Sources */,
				1F4B76F9246D2F7700FC3B27 /* AppDelegate.swift in Sources */,
				1F4B7716246D32C000FC3B27 /* ActivityViewController.swift in Sources */,
				1F4B76E6246D2AC100FC3B27 /* SceneDelegate.swift in Sources */,
				1F4B770E246D31FD00FC3B27 /* NewPostViewController.swift in Sources */,
			);
			runOnlyForDeploymentPostprocessing = 0;
		};
/* End PBXSourcesBuildPhase section */

/* Begin PBXVariantGroup section */
		1F4B76E9246D2AC100FC3B27 /* Main.storyboard */ = {
			isa = PBXVariantGroup;
			children = (
				1F4B76EA246D2AC100FC3B27 /* Base */,
			);
			name = Main.storyboard;
			sourceTree = "<group>";
		};
		1F4B76EE246D2AE100FC3B27 /* LaunchScreen.storyboard */ = {
			isa = PBXVariantGroup;
			children = (
				1F4B76EF246D2AE100FC3B27 /* Base */,
			);
			name = LaunchScreen.storyboard;
			sourceTree = "<group>";
		};
/* End PBXVariantGroup section */

/* Begin XCBuildConfiguration section */
		1F4B76F2246D2AE100FC3B27 /* Debug */ = {
			isa = XCBuildConfiguration;
			buildSettings = {
				ALWAYS_SEARCH_USER_PATHS = NO;
				CLANG_ANALYZER_NONNULL = YES;
				CLANG_ANALYZER_NUMBER_OBJECT_CONVERSION = YES_AGGRESSIVE;
				CLANG_CXX_LANGUAGE_STANDARD = "gnu++14";
				CLANG_CXX_LIBRARY = "libc++";
				CLANG_ENABLE_MODULES = YES;
				CLANG_ENABLE_OBJC_ARC = YES;
				CLANG_ENABLE_OBJC_WEAK = YES;
				CLANG_WARN_BLOCK_CAPTURE_AUTORELEASING = YES;
				CLANG_WARN_BOOL_CONVERSION = YES;
				CLANG_WARN_COMMA = YES;
				CLANG_WARN_CONSTANT_CONVERSION = YES;
				CLANG_WARN_DEPRECATED_OBJC_IMPLEMENTATIONS = YES;
				CLANG_WARN_DIRECT_OBJC_ISA_USAGE = YES_ERROR;
				CLANG_WARN_DOCUMENTATION_COMMENTS = YES;
				CLANG_WARN_EMPTY_BODY = YES;
				CLANG_WARN_ENUM_CONVERSION = YES;
				CLANG_WARN_INFINITE_RECURSION = YES;
				CLANG_WARN_INT_CONVERSION = YES;
				CLANG_WARN_NON_LITERAL_NULL_CONVERSION = YES;
				CLANG_WARN_OBJC_IMPLICIT_RETAIN_SELF = YES;
				CLANG_WARN_OBJC_LITERAL_CONVERSION = YES;
				CLANG_WARN_OBJC_ROOT_CLASS = YES_ERROR;
				CLANG_WARN_RANGE_LOOP_ANALYSIS = YES;
				CLANG_WARN_STRICT_PROTOTYPES = YES;
				CLANG_WARN_SUSPICIOUS_MOVE = YES;
				CLANG_WARN_UNGUARDED_AVAILABILITY = YES_AGGRESSIVE;
				CLANG_WARN_UNREACHABLE_CODE = YES;
				CLANG_WARN__DUPLICATE_METHOD_MATCH = YES;
				COPY_PHASE_STRIP = NO;
				DEBUG_INFORMATION_FORMAT = dwarf;
				ENABLE_STRICT_OBJC_MSGSEND = YES;
				ENABLE_TESTABILITY = YES;
				GCC_C_LANGUAGE_STANDARD = gnu11;
				GCC_DYNAMIC_NO_PIC = NO;
				GCC_NO_COMMON_BLOCKS = YES;
				GCC_OPTIMIZATION_LEVEL = 0;
				GCC_PREPROCESSOR_DEFINITIONS = (
					"DEBUG=1",
					"$(inherited)",
				);
				GCC_WARN_64_TO_32_BIT_CONVERSION = YES;
				GCC_WARN_ABOUT_RETURN_TYPE = YES_ERROR;
				GCC_WARN_UNDECLARED_SELECTOR = YES;
				GCC_WARN_UNINITIALIZED_AUTOS = YES_AGGRESSIVE;
				GCC_WARN_UNUSED_FUNCTION = YES;
				GCC_WARN_UNUSED_VARIABLE = YES;
				IPHONEOS_DEPLOYMENT_TARGET = 13.4;
				MTL_ENABLE_DEBUG_INFO = INCLUDE_SOURCE;
				MTL_FAST_MATH = YES;
				ONLY_ACTIVE_ARCH = YES;
				SDKROOT = iphoneos;
				SWIFT_ACTIVE_COMPILATION_CONDITIONS = DEBUG;
				SWIFT_OPTIMIZATION_LEVEL = "-Onone";
			};
			name = Debug;
		};
		1F4B76F3246D2AE100FC3B27 /* Release */ = {
			isa = XCBuildConfiguration;
			buildSettings = {
				ALWAYS_SEARCH_USER_PATHS = NO;
				CLANG_ANALYZER_NONNULL = YES;
				CLANG_ANALYZER_NUMBER_OBJECT_CONVERSION = YES_AGGRESSIVE;
				CLANG_CXX_LANGUAGE_STANDARD = "gnu++14";
				CLANG_CXX_LIBRARY = "libc++";
				CLANG_ENABLE_MODULES = YES;
				CLANG_ENABLE_OBJC_ARC = YES;
				CLANG_ENABLE_OBJC_WEAK = YES;
				CLANG_WARN_BLOCK_CAPTURE_AUTORELEASING = YES;
				CLANG_WARN_BOOL_CONVERSION = YES;
				CLANG_WARN_COMMA = YES;
				CLANG_WARN_CONSTANT_CONVERSION = YES;
				CLANG_WARN_DEPRECATED_OBJC_IMPLEMENTATIONS = YES;
				CLANG_WARN_DIRECT_OBJC_ISA_USAGE = YES_ERROR;
				CLANG_WARN_DOCUMENTATION_COMMENTS = YES;
				CLANG_WARN_EMPTY_BODY = YES;
				CLANG_WARN_ENUM_CONVERSION = YES;
				CLANG_WARN_INFINITE_RECURSION = YES;
				CLANG_WARN_INT_CONVERSION = YES;
				CLANG_WARN_NON_LITERAL_NULL_CONVERSION = YES;
				CLANG_WARN_OBJC_IMPLICIT_RETAIN_SELF = YES;
				CLANG_WARN_OBJC_LITERAL_CONVERSION = YES;
				CLANG_WARN_OBJC_ROOT_CLASS = YES_ERROR;
				CLANG_WARN_RANGE_LOOP_ANALYSIS = YES;
				CLANG_WARN_STRICT_PROTOTYPES = YES;
				CLANG_WARN_SUSPICIOUS_MOVE = YES;
				CLANG_WARN_UNGUARDED_AVAILABILITY = YES_AGGRESSIVE;
				CLANG_WARN_UNREACHABLE_CODE = YES;
				CLANG_WARN__DUPLICATE_METHOD_MATCH = YES;
				COPY_PHASE_STRIP = NO;
				DEBUG_INFORMATION_FORMAT = "dwarf-with-dsym";
				ENABLE_NS_ASSERTIONS = NO;
				ENABLE_STRICT_OBJC_MSGSEND = YES;
				GCC_C_LANGUAGE_STANDARD = gnu11;
				GCC_NO_COMMON_BLOCKS = YES;
				GCC_WARN_64_TO_32_BIT_CONVERSION = YES;
				GCC_WARN_ABOUT_RETURN_TYPE = YES_ERROR;
				GCC_WARN_UNDECLARED_SELECTOR = YES;
				GCC_WARN_UNINITIALIZED_AUTOS = YES_AGGRESSIVE;
				GCC_WARN_UNUSED_FUNCTION = YES;
				GCC_WARN_UNUSED_VARIABLE = YES;
				IPHONEOS_DEPLOYMENT_TARGET = 13.4;
				MTL_ENABLE_DEBUG_INFO = NO;
				MTL_FAST_MATH = YES;
				SDKROOT = iphoneos;
				SWIFT_COMPILATION_MODE = wholemodule;
				SWIFT_OPTIMIZATION_LEVEL = "-O";
				VALIDATE_PRODUCT = YES;
			};
			name = Release;
		};
		1F4B76F5246D2AE100FC3B27 /* Debug */ = {
			isa = XCBuildConfiguration;
			baseConfigurationReference = 153986C71F6FC96C59035F59 /* Pods-CosmeApp.debug.xcconfig */;
			buildSettings = {
				ASSETCATALOG_COMPILER_APPICON_NAME = AppIcon;
				CODE_SIGN_STYLE = Automatic;
				DEVELOPMENT_TEAM = G6R5GT3H5J;
				INFOPLIST_FILE = CosmeApp/Info.plist;
				LD_RUNPATH_SEARCH_PATHS = (
					"$(inherited)",
					"@executable_path/Frameworks",
				);
				PRODUCT_BUNDLE_IDENTIFIER = "ASW-inc.CosmeApp";
				PRODUCT_NAME = "$(TARGET_NAME)";
				SWIFT_VERSION = 5.0;
				TARGETED_DEVICE_FAMILY = "1,2";
			};
			name = Debug;
		};
		1F4B76F6246D2AE100FC3B27 /* Release */ = {
			isa = XCBuildConfiguration;
			baseConfigurationReference = F159956426546549A41B2D4D /* Pods-CosmeApp.release.xcconfig */;
			buildSettings = {
				ASSETCATALOG_COMPILER_APPICON_NAME = AppIcon;
				CODE_SIGN_STYLE = Automatic;
				DEVELOPMENT_TEAM = G6R5GT3H5J;
				INFOPLIST_FILE = CosmeApp/Info.plist;
				LD_RUNPATH_SEARCH_PATHS = (
					"$(inherited)",
					"@executable_path/Frameworks",
				);
				PRODUCT_BUNDLE_IDENTIFIER = "ASW-inc.CosmeApp";
				PRODUCT_NAME = "$(TARGET_NAME)";
				SWIFT_VERSION = 5.0;
				TARGETED_DEVICE_FAMILY = "1,2";
			};
			name = Release;
		};
/* End XCBuildConfiguration section */

/* Begin XCConfigurationList section */
		1F4B76DB246D2AC000FC3B27 /* Build configuration list for PBXProject "CosmeApp" */ = {
			isa = XCConfigurationList;
			buildConfigurations = (
				1F4B76F2246D2AE100FC3B27 /* Debug */,
				1F4B76F3246D2AE100FC3B27 /* Release */,
			);
			defaultConfigurationIsVisible = 0;
			defaultConfigurationName = Release;
		};
		1F4B76F4246D2AE100FC3B27 /* Build configuration list for PBXNativeTarget "CosmeApp" */ = {
			isa = XCConfigurationList;
			buildConfigurations = (
				1F4B76F5246D2AE100FC3B27 /* Debug */,
				1F4B76F6246D2AE100FC3B27 /* Release */,
			);
			defaultConfigurationIsVisible = 0;
			defaultConfigurationName = Release;
		};
/* End XCConfigurationList section */
	};
	rootObject = 1F4B76D8246D2AC000FC3B27 /* Project object */;
}
